
Microsoft Visual Studio Solution File, Format Version 12.00
# Visual Studio Version 17
VisualStudioVersion = 17.12.35707.178
MinimumVisualStudioVersion = 10.0.40219.1
Project("{FAE04EC0-301F-11D3-BF4B-00C04F79EFBC}") = "CoreDemo", "CoreDemo\CoreDemo.csproj", "{60E7D231-88FB-44A0-926C-716DDB32A940}"
EndProject
Project("{FAE04EC0-301F-11D3-BF4B-00C04F79EFBC}") = "EntityLayer", "EntityLayer\EntityLayer.csproj", "{B18FDCB9-5D26-431E-AB55-1D303095959A}"
EndProject
Project("{FAE04EC0-301F-11D3-BF4B-00C04F79EFBC}") = "DataAccessLayer", "DataAccessLayer\DataAccessLayer.csproj", "{B1D50805-8E01-407B-86D9-EFB20F7417E4}"
EndProject
Project("{FAE04EC0-301F-11D3-BF4B-00C04F79EFBC}") = "BusinessLayer", "BusinessLayer\BusinessLayer.csproj", "{BC90241D-C352-44E1-826B-76418E39F610}"
EndProject
Project("{FAE04EC0-301F-11D3-BF4B-00C04F79EFBC}") = "CoreLayer", "CoreLayer\CoreLayer.csproj", "{AE11CD6E-0911-4801-87E1-D05D3EC2C0B3}"
EndProject
Project("{FAE04EC0-301F-11D3-BF4B-00C04F79EFBC}") = "BlogApiDemo", "BlogApiDemo\BlogApiDemo.csproj", "{D31B46C9-1A79-48CE-A154-2434795FAF40}"
EndProject
Global
	GlobalSection(SolutionConfigurationPlatforms) = preSolution
		Debug|Any CPU = Debug|Any CPU
		Release|Any CPU = Release|Any CPU
	EndGlobalSection
	GlobalSection(ProjectConfigurationPlatforms) = postSolution
		{60E7D231-88FB-44A0-926C-716DDB32A940}.Debug|Any CPU.ActiveCfg = Debug|Any CPU
		{60E7D231-88FB-44A0-926C-716DDB32A940}.Debug|Any CPU.Build.0 = Debug|Any CPU
		{60E7D231-88FB-44A0-926C-716DDB32A940}.Release|Any CPU.ActiveCfg = Release|Any CPU
		{60E7D231-88FB-44A0-926C-716DDB32A940}.Release|Any CPU.Build.0 = Release|Any CPU
		{B18FDCB9-5D26-431E-AB55-1D303095959A}.Debug|Any CPU.ActiveCfg = Debug|Any CPU
		{B18FDCB9-5D26-431E-AB55-1D303095959A}.Debug|Any CPU.Build.0 = Debug|Any CPU
		{B18FDCB9-5D26-431E-AB55-1D303095959A}.Release|Any CPU.ActiveCfg = Release|Any CPU
		{B18FDCB9-5D26-431E-AB55-1D303095959A}.Release|Any CPU.Build.0 = Release|Any CPU
		{B1D50805-8E01-407B-86D9-EFB20F7417E4}.Debug|Any CPU.ActiveCfg = Debug|Any CPU
		{B1D50805-8E01-407B-86D9-EFB20F7417E4}.Debug|Any CPU.Build.0 = Debug|Any CPU
		{B1D50805-8E01-407B-86D9-EFB20F7417E4}.Release|Any CPU.ActiveCfg = Release|Any CPU
		{B1D50805-8E01-407B-86D9-EFB20F7417E4}.Release|Any CPU.Build.0 = Release|Any CPU
		{BC90241D-C352-44E1-826B-76418E39F610}.Debug|Any CPU.ActiveCfg = Debug|Any CPU
		{BC90241D-C352-44E1-826B-76418E39F610}.Debug|Any CPU.Build.0 = Debug|Any CPU
		{BC90241D-C352-44E1-826B-76418E39F610}.Release|Any CPU.ActiveCfg = Release|Any CPU
		{BC90241D-C352-44E1-826B-76418E39F610}.Release|Any CPU.Build.0 = Release|Any CPU
		{AE11CD6E-0911-4801-87E1-D05D3EC2C0B3}.Debug|Any CPU.ActiveCfg = Debug|Any CPU
		{AE11CD6E-0911-4801-87E1-D05D3EC2C0B3}.Debug|Any CPU.Build.0 = Debug|Any CPU
		{AE11CD6E-0911-4801-87E1-D05D3EC2C0B3}.Release|Any CPU.ActiveCfg = Release|Any CPU
		{AE11CD6E-0911-4801-87E1-D05D3EC2C0B3}.Release|Any CPU.Build.0 = Release|Any CPU
		{D31B46C9-1A79-48CE-A154-2434795FAF40}.Debug|Any CPU.ActiveCfg = Debug|Any CPU
		{D31B46C9-1A79-48CE-A154-2434795FAF40}.Debug|Any CPU.Build.0 = Debug|Any CPU
		{D31B46C9-1A79-48CE-A154-2434795FAF40}.Release|Any CPU.ActiveCfg = Release|Any CPU
		{D31B46C9-1A79-48CE-A154-2434795FAF40}.Release|Any CPU.Build.0 = Release|Any CPU
	EndGlobalSection
	GlobalSection(SolutionProperties) = preSolution
		HideSolutionNode = FALSE
	EndGlobalSection
EndGlobal
